
Microsoft Visual Studio Solution File, Format Version 12.00
# Visual Studio 15
VisualStudioVersion = 15.0.27004.2002
MinimumVisualStudioVersion = 10.0.40219.1
Project("{FAE04EC0-301F-11D3-BF4B-00C04F79EFBC}") = "Zad1", "Zad1\Zad1.csproj", "{4D3A3C9A-6FE4-4E37-8165-1C2169A95A1A}"
EndProject
Project("{FAE04EC0-301F-11D3-BF4B-00C04F79EFBC}") = "Zad2", "Zad2\Zad2.csproj", "{7C5565F1-DBA8-41B1-B52E-12E9A7F172C7}"
EndProject
Global
	GlobalSection(SolutionConfigurationPlatforms) = preSolution
		Debug|Any CPU = Debug|Any CPU
		Release|Any CPU = Release|Any CPU
	EndGlobalSection
	GlobalSection(ProjectConfigurationPlatforms) = postSolution
		{4D3A3C9A-6FE4-4E37-8165-1C2169A95A1A}.Debug|Any CPU.ActiveCfg = Debug|Any CPU
		{4D3A3C9A-6FE4-4E37-8165-1C2169A95A1A}.Debug|Any CPU.Build.0 = Debug|Any CPU
		{4D3A3C9A-6FE4-4E37-8165-1C2169A95A1A}.Release|Any CPU.ActiveCfg = Release|Any CPU
		{4D3A3C9A-6FE4-4E37-8165-1C2169A95A1A}.Release|Any CPU.Build.0 = Release|Any CPU
		{7C5565F1-DBA8-41B1-B52E-12E9A7F172C7}.Debug|Any CPU.ActiveCfg = Debug|Any CPU
		{7C5565F1-DBA8-41B1-B52E-12E9A7F172C7}.Debug|Any CPU.Build.0 = Debug|Any CPU
		{7C5565F1-DBA8-41B1-B52E-12E9A7F172C7}.Release|Any CPU.ActiveCfg = Release|Any CPU
		{7C5565F1-DBA8-41B1-B52E-12E9A7F172C7}.Release|Any CPU.Build.0 = Release|Any CPU
	EndGlobalSection
	GlobalSection(SolutionProperties) = preSolution
		HideSolutionNode = FALSE
	EndGlobalSection
	GlobalSection(ExtensibilityGlobals) = postSolution
		SolutionGuid = {3079D818-78E3-4A60-84CA-519B22BAD6F4}
	EndGlobalSection
EndGlobal
